
Microsoft Visual Studio Solution File, Format Version 12.00
# Visual Studio 2012
Project("{2150E333-8FDC-42A3-9474-1A3956D46DE8}") = "Test", "Test", "{48FA5FCE-0007-49AE-AF42-9C5EA6F73063}"
EndProject
Project("{2150E333-8FDC-42A3-9474-1A3956D46DE8}") = "Src", "Src", "{4130A4AB-F5B3-4484-845B-9D9003A3F61C}"
EndProject
Project("{FAE04EC0-301F-11D3-BF4B-00C04F79EFBC}") = "System.Net.Http", "Src\System.Net.Http\System.Net.Http.csproj", "{7892F3A1-C00D-47FA-AE30-B6FE63613102}"
EndProject
Project("{FAE04EC0-301F-11D3-BF4B-00C04F79EFBC}") = "HttpTestApp", "Test\HttpTestApp\HttpTestApp.csproj", "{1E25DB3E-0016-4E05-B0C3-49482AD38447}"
EndProject
Project("{FAE04EC0-301F-11D3-BF4B-00C04F79EFBC}") = "HttpTestWeb", "Test\HttpTestWeb\HttpTestWeb.csproj", "{FB5328B5-EFFD-4740-B04F-2883D0D5049F}"
EndProject
Project("{FAE04EC0-301F-11D3-BF4B-00C04F79EFBC}") = "HttpTestLib", "Test\HttpTestLib\HttpTestLib.csproj", "{A8E32B53-985B-44F8-A41D-E4CAC0D9B412}"
EndProject
Project("{2150E333-8FDC-42A3-9474-1A3956D46DE8}") = ".nuget", ".nuget", "{4D1BA837-A5DF-4E92-8943-A319CC177E66}"
	ProjectSection(SolutionItems) = preProject
		.nuget\NuGet.Config = .nuget\NuGet.Config
		.nuget\NuGet.exe = .nuget\NuGet.exe
		.nuget\NuGet.targets = .nuget\NuGet.targets
	EndProjectSection
EndProject
Global
	GlobalSection(SolutionConfigurationPlatforms) = preSolution
		Debug|Any CPU = Debug|Any CPU
		Release|Any CPU = Release|Any CPU
	EndGlobalSection
	GlobalSection(ProjectConfigurationPlatforms) = postSolution
		{7892F3A1-C00D-47FA-AE30-B6FE63613102}.Debug|Any CPU.ActiveCfg = Debug|Any CPU
		{7892F3A1-C00D-47FA-AE30-B6FE63613102}.Debug|Any CPU.Build.0 = Debug|Any CPU
		{7892F3A1-C00D-47FA-AE30-B6FE63613102}.Release|Any CPU.ActiveCfg = Release|Any CPU
		{7892F3A1-C00D-47FA-AE30-B6FE63613102}.Release|Any CPU.Build.0 = Release|Any CPU
		{1E25DB3E-0016-4E05-B0C3-49482AD38447}.Debug|Any CPU.ActiveCfg = Debug|Any CPU
		{1E25DB3E-0016-4E05-B0C3-49482AD38447}.Debug|Any CPU.Build.0 = Debug|Any CPU
		{1E25DB3E-0016-4E05-B0C3-49482AD38447}.Release|Any CPU.ActiveCfg = Release|Any CPU
		{1E25DB3E-0016-4E05-B0C3-49482AD38447}.Release|Any CPU.Build.0 = Release|Any CPU
		{FB5328B5-EFFD-4740-B04F-2883D0D5049F}.Debug|Any CPU.ActiveCfg = Debug|Any CPU
		{FB5328B5-EFFD-4740-B04F-2883D0D5049F}.Debug|Any CPU.Build.0 = Debug|Any CPU
		{FB5328B5-EFFD-4740-B04F-2883D0D5049F}.Release|Any CPU.ActiveCfg = Release|Any CPU
		{FB5328B5-EFFD-4740-B04F-2883D0D5049F}.Release|Any CPU.Build.0 = Release|Any CPU
		{A8E32B53-985B-44F8-A41D-E4CAC0D9B412}.Debug|Any CPU.ActiveCfg = Debug|Any CPU
		{A8E32B53-985B-44F8-A41D-E4CAC0D9B412}.Debug|Any CPU.Build.0 = Debug|Any CPU
		{A8E32B53-985B-44F8-A41D-E4CAC0D9B412}.Release|Any CPU.ActiveCfg = Release|Any CPU
		{A8E32B53-985B-44F8-A41D-E4CAC0D9B412}.Release|Any CPU.Build.0 = Release|Any CPU
	EndGlobalSection
	GlobalSection(SolutionProperties) = preSolution
		HideSolutionNode = FALSE
	EndGlobalSection
	GlobalSection(NestedProjects) = preSolution
		{1E25DB3E-0016-4E05-B0C3-49482AD38447} = {48FA5FCE-0007-49AE-AF42-9C5EA6F73063}
		{FB5328B5-EFFD-4740-B04F-2883D0D5049F} = {48FA5FCE-0007-49AE-AF42-9C5EA6F73063}
		{A8E32B53-985B-44F8-A41D-E4CAC0D9B412} = {48FA5FCE-0007-49AE-AF42-9C5EA6F73063}
		{7892F3A1-C00D-47FA-AE30-B6FE63613102} = {4130A4AB-F5B3-4484-845B-9D9003A3F61C}
	EndGlobalSection
EndGlobal
